// !$*UTF8*$!
{
	archiveVersion = 1;
	classes = {
	};
	objectVersion = 50;
	objects = {

/* Begin PBXBuildFile section */
		AE11C135264F52D500DB1986 /* CitiesViewController.swift in Sources */ = {isa = PBXBuildFile; fileRef = AE11C134264F52D500DB1986 /* CitiesViewController.swift */; };
		AE13C5CC25D32C4100C7DCB0 /* AppDelegate.swift in Sources */ = {isa = PBXBuildFile; fileRef = AE13C5CB25D32C4100C7DCB0 /* AppDelegate.swift */; };
		AE13C5CE25D32C4100C7DCB0 /* SceneDelegate.swift in Sources */ = {isa = PBXBuildFile; fileRef = AE13C5CD25D32C4100C7DCB0 /* SceneDelegate.swift */; };
		AE13C5D025D32C4100C7DCB0 /* WeatherViewController.swift in Sources */ = {isa = PBXBuildFile; fileRef = AE13C5CF25D32C4100C7DCB0 /* WeatherViewController.swift */; };
		AE13C5D325D32C4100C7DCB0 /* Main.storyboard in Resources */ = {isa = PBXBuildFile; fileRef = AE13C5D125D32C4100C7DCB0 /* Main.storyboard */; };
		AE13C5D525D32C4200C7DCB0 /* Assets.xcassets in Resources */ = {isa = PBXBuildFile; fileRef = AE13C5D425D32C4200C7DCB0 /* Assets.xcassets */; };
		AE13C5D825D32C4200C7DCB0 /* LaunchScreen.storyboard in Resources */ = {isa = PBXBuildFile; fileRef = AE13C5D625D32C4200C7DCB0 /* LaunchScreen.storyboard */; };
		AE378C08264FA98A0014D992 /* AddLocationViewController.swift in Sources */ = {isa = PBXBuildFile; fileRef = AE378C07264FA98A0014D992 /* AddLocationViewController.swift */; };
		AE378C0B264FE87C0014D992 /* DataModel.xcdatamodeld in Sources */ = {isa = PBXBuildFile; fileRef = AE378C09264FE87C0014D992 /* DataModel.xcdatamodeld */; };
		AE514D3426504C20004CBE0D /* Place+CoreDataClass.swift in Sources */ = {isa = PBXBuildFile; fileRef = AE514D3226504C20004CBE0D /* Place+CoreDataClass.swift */; };
		AE514D3526504C20004CBE0D /* Place+CoreDataProperties.swift in Sources */ = {isa = PBXBuildFile; fileRef = AE514D3326504C20004CBE0D /* Place+CoreDataProperties.swift */; };
		AE514D5A265051AF004CBE0D /* Functions.swift in Sources */ = {isa = PBXBuildFile; fileRef = AE514D59265051AF004CBE0D /* Functions.swift */; };
		AE60E42B264FA3DC0002CDF0 /* Forecast.swift in Sources */ = {isa = PBXBuildFile; fileRef = AE60E42A264FA3DC0002CDF0 /* Forecast.swift */; };
		AEEE1064264F41290079E563 /* WeatherService.swift in Sources */ = {isa = PBXBuildFile; fileRef = AEEE1063264F41290079E563 /* WeatherService.swift */; };
/* End PBXBuildFile section */

/* Begin PBXFileReference section */
		AE11C134264F52D500DB1986 /* CitiesViewController.swift */ = {isa = PBXFileReference; lastKnownFileType = sourcecode.swift; path = CitiesViewController.swift; sourceTree = "<group>"; };
		AE13C5C825D32C4100C7DCB0 /* PageMe.app */ = {isa = PBXFileReference; explicitFileType = wrapper.application; includeInIndex = 0; path = PageMe.app; sourceTree = BUILT_PRODUCTS_DIR; };
		AE13C5CB25D32C4100C7DCB0 /* AppDelegate.swift */ = {isa = PBXFileReference; lastKnownFileType = sourcecode.swift; path = AppDelegate.swift; sourceTree = "<group>"; };
		AE13C5CD25D32C4100C7DCB0 /* SceneDelegate.swift */ = {isa = PBXFileReference; lastKnownFileType = sourcecode.swift; path = SceneDelegate.swift; sourceTree = "<group>"; };
		AE13C5CF25D32C4100C7DCB0 /* WeatherViewController.swift */ = {isa = PBXFileReference; lastKnownFileType = sourcecode.swift; path = WeatherViewController.swift; sourceTree = "<group>"; };
		AE13C5D225D32C4100C7DCB0 /* Base */ = {isa = PBXFileReference; lastKnownFileType = file.storyboard; name = Base; path = Base.lproj/Main.storyboard; sourceTree = "<group>"; };
		AE13C5D425D32C4200C7DCB0 /* Assets.xcassets */ = {isa = PBXFileReference; lastKnownFileType = folder.assetcatalog; path = Assets.xcassets; sourceTree = "<group>"; };
		AE13C5D725D32C4200C7DCB0 /* Base */ = {isa = PBXFileReference; lastKnownFileType = file.storyboard; name = Base; path = Base.lproj/LaunchScreen.storyboard; sourceTree = "<group>"; };
		AE13C5D925D32C4200C7DCB0 /* Info.plist */ = {isa = PBXFileReference; lastKnownFileType = text.plist.xml; path = Info.plist; sourceTree = "<group>"; };
		AE378C07264FA98A0014D992 /* AddLocationViewController.swift */ = {isa = PBXFileReference; lastKnownFileType = sourcecode.swift; path = AddLocationViewController.swift; sourceTree = "<group>"; };
		AE378C0A264FE87C0014D992 /* DataModel.xcdatamodel */ = {isa = PBXFileReference; lastKnownFileType = wrapper.xcdatamodel; path = DataModel.xcdatamodel; sourceTree = "<group>"; };
		AE514D3226504C20004CBE0D /* Place+CoreDataClass.swift */ = {isa = PBXFileReference; lastKnownFileType = sourcecode.swift; path = "Place+CoreDataClass.swift"; sourceTree = "<group>"; };
		AE514D3326504C20004CBE0D /* Place+CoreDataProperties.swift */ = {isa = PBXFileReference; lastKnownFileType = sourcecode.swift; path = "Place+CoreDataProperties.swift"; sourceTree = "<group>"; };
		AE514D59265051AF004CBE0D /* Functions.swift */ = {isa = PBXFileReference; lastKnownFileType = sourcecode.swift; path = Functions.swift; sourceTree = "<group>"; };
		AE60E42A264FA3DC0002CDF0 /* Forecast.swift */ = {isa = PBXFileReference; lastKnownFileType = sourcecode.swift; path = Forecast.swift; sourceTree = "<group>"; };
		AEEE1063264F41290079E563 /* WeatherService.swift */ = {isa = PBXFileReference; lastKnownFileType = sourcecode.swift; path = WeatherService.swift; sourceTree = "<group>"; };
/* End PBXFileReference section */

/* Begin PBXFrameworksBuildPhase section */
		AE13C5C525D32C4100C7DCB0 /* Frameworks */ = {
			isa = PBXFrameworksBuildPhase;
			buildActionMask = 2147483647;
			files = (
			);
			runOnlyForDeploymentPostprocessing = 0;
		};
/* End PBXFrameworksBuildPhase section */

/* Begin PBXGroup section */
		AE13C5BF25D32C4100C7DCB0 = {
			isa = PBXGroup;
			children = (
				AE13C5CA25D32C4100C7DCB0 /* PageMe */,
				AE13C5C925D32C4100C7DCB0 /* Products */,
			);
			sourceTree = "<group>";
		};
		AE13C5C925D32C4100C7DCB0 /* Products */ = {
			isa = PBXGroup;
			children = (
				AE13C5C825D32C4100C7DCB0 /* PageMe.app */,
			);
			name = Products;
			sourceTree = "<group>";
		};
		AE13C5CA25D32C4100C7DCB0 /* PageMe */ = {
			isa = PBXGroup;
			children = (
				AE378C07264FA98A0014D992 /* AddLocationViewController.swift */,
				AE13C5CB25D32C4100C7DCB0 /* AppDelegate.swift */,
				AE13C5D425D32C4200C7DCB0 /* Assets.xcassets */,
				AE11C134264F52D500DB1986 /* CitiesViewController.swift */,
				AE13C5CF25D32C4100C7DCB0 /* WeatherViewController.swift */,
				AE378C09264FE87C0014D992 /* DataModel.xcdatamodeld */,
				AE60E42A264FA3DC0002CDF0 /* Forecast.swift */,
				AE514D59265051AF004CBE0D /* Functions.swift */,
				AE13C5D925D32C4200C7DCB0 /* Info.plist */,
				AE13C5D625D32C4200C7DCB0 /* LaunchScreen.storyboard */,
				AE13C5D125D32C4100C7DCB0 /* Main.storyboard */,
				AE514D3226504C20004CBE0D /* Place+CoreDataClass.swift */,
				AE514D3326504C20004CBE0D /* Place+CoreDataProperties.swift */,
				AE13C5CD25D32C4100C7DCB0 /* SceneDelegate.swift */,
				AEEE1063264F41290079E563 /* WeatherService.swift */,
			);
			path = PageMe;
			sourceTree = "<group>";
		};
/* End PBXGroup section */

/* Begin PBXNativeTarget section */
		AE13C5C725D32C4100C7DCB0 /* PageMe */ = {
			isa = PBXNativeTarget;
			buildConfigurationList = AE13C5DC25D32C4200C7DCB0 /* Build configuration list for PBXNativeTarget "PageMe" */;
			buildPhases = (
				AE13C5C425D32C4100C7DCB0 /* Sources */,
				AE13C5C525D32C4100C7DCB0 /* Frameworks */,
				AE13C5C625D32C4100C7DCB0 /* Resources */,
			);
			buildRules = (
			);
			dependencies = (
			);
			name = PageMe;
			productName = PageMe;
			productReference = AE13C5C825D32C4100C7DCB0 /* PageMe.app */;
			productType = "com.apple.product-type.application";
		};
/* End PBXNativeTarget section */

/* Begin PBXProject section */
		AE13C5C025D32C4100C7DCB0 /* Project object */ = {
			isa = PBXProject;
			attributes = {
				LastSwiftUpdateCheck = 1240;
				LastUpgradeCheck = 1240;
				TargetAttributes = {
					AE13C5C725D32C4100C7DCB0 = {
						CreatedOnToolsVersion = 12.4;
					};
				};
			};
			buildConfigurationList = AE13C5C325D32C4100C7DCB0 /* Build configuration list for PBXProject "PageMe" */;
			compatibilityVersion = "Xcode 9.3";
			developmentRegion = en;
			hasScannedForEncodings = 0;
			knownRegions = (
				en,
				Base,
			);
			mainGroup = AE13C5BF25D32C4100C7DCB0;
			productRefGroup = AE13C5C925D32C4100C7DCB0 /* Products */;
			projectDirPath = "";
			projectRoot = "";
			targets = (
				AE13C5C725D32C4100C7DCB0 /* PageMe */,
			);
		};
/* End PBXProject section */

/* Begin PBXResourcesBuildPhase section */
		AE13C5C625D32C4100C7DCB0 /* Resources */ = {
			isa = PBXResourcesBuildPhase;
			buildActionMask = 2147483647;
			files = (
				AE13C5D825D32C4200C7DCB0 /* LaunchScreen.storyboard in Resources */,
				AE13C5D525D32C4200C7DCB0 /* Assets.xcassets in Resources */,
				AE13C5D325D32C4100C7DCB0 /* Main.storyboard in Resources */,
			);
			runOnlyForDeploymentPostprocessing = 0;
		};
/* End PBXResourcesBuildPhase section */

/* Begin PBXSourcesBuildPhase section */
		AE13C5C425D32C4100C7DCB0 /* Sources */ = {
			isa = PBXSourcesBuildPhase;
			buildActionMask = 2147483647;
			files = (
				AEEE1064264F41290079E563 /* WeatherService.swift in Sources */,
				AE378C0B264FE87C0014D992 /* DataModel.xcdatamodeld in Sources */,
				AE514D3426504C20004CBE0D /* Place+CoreDataClass.swift in Sources */,
				AE514D3526504C20004CBE0D /* Place+CoreDataProperties.swift in Sources */,
				AE514D5A265051AF004CBE0D /* Functions.swift in Sources */,
				AE11C135264F52D500DB1986 /* CitiesViewController.swift in Sources */,
				AE13C5D025D32C4100C7DCB0 /* WeatherViewController.swift in Sources */,
				AE378C08264FA98A0014D992 /* AddLocationViewController.swift in Sources */,
				AE13C5CC25D32C4100C7DCB0 /* AppDelegate.swift in Sources */,
				AE60E42B264FA3DC0002CDF0 /* Forecast.swift in Sources */,
				AE13C5CE25D32C4100C7DCB0 /* SceneDelegate.swift in Sources */,
			);
			runOnlyForDeploymentPostprocessing = 0;
		};
/* End PBXSourcesBuildPhase section */

/* Begin PBXVariantGroup section */
		AE13C5D125D32C4100C7DCB0 /* Main.storyboard */ = {
			isa = PBXVariantGroup;
			children = (
				AE13C5D225D32C4100C7DCB0 /* Base */,
			);
			name = Main.storyboard;
			sourceTree = "<group>";
		};
		AE13C5D625D32C4200C7DCB0 /* LaunchScreen.storyboard */ = {
			isa = PBXVariantGroup;
			children = (
				AE13C5D725D32C4200C7DCB0 /* Base */,
			);
			name = LaunchScreen.storyboard;
			sourceTree = "<group>";
		};
/* End PBXVariantGroup section */

/* Begin XCBuildConfiguration section */
		AE13C5DA25D32C4200C7DCB0 /* Debug */ = {
			isa = XCBuildConfiguration;
			buildSettings = {
				ALWAYS_SEARCH_USER_PATHS = NO;
				CLANG_ANALYZER_NONNULL = YES;
				CLANG_ANALYZER_NUMBER_OBJECT_CONVERSION = YES_AGGRESSIVE;
				CLANG_CXX_LANGUAGE_STANDARD = "gnu++14";
				CLANG_CXX_LIBRARY = "libc++";
				CLANG_ENABLE_MODULES = YES;
				CLANG_ENABLE_OBJC_ARC = YES;
				CLANG_ENABLE_OBJC_WEAK = YES;
				CLANG_WARN_BLOCK_CAPTURE_AUTORELEASING = YES;
				CLANG_WARN_BOOL_CONVERSION = YES;
				CLANG_WARN_COMMA = YES;
				CLANG_WARN_CONSTANT_CONVERSION = YES;
				CLANG_WARN_DEPRECATED_OBJC_IMPLEMENTATIONS = YES;
				CLANG_WARN_DIRECT_OBJC_ISA_USAGE = YES_ERROR;
				CLANG_WARN_DOCUMENTATION_COMMENTS = YES;
				CLANG_WARN_EMPTY_BODY = YES;
				CLANG_WARN_ENUM_CONVERSION = YES;
				CLANG_WARN_INFINITE_RECURSION = YES;
				CLANG_WARN_INT_CONVERSION = YES;
				CLANG_WARN_NON_LITERAL_NULL_CONVERSION = YES;
				CLANG_WARN_OBJC_IMPLICIT_RETAIN_SELF = YES;
				CLANG_WARN_OBJC_LITERAL_CONVERSION = YES;
				CLANG_WARN_OBJC_ROOT_CLASS = YES_ERROR;
				CLANG_WARN_QUOTED_INCLUDE_IN_FRAMEWORK_HEADER = YES;
				CLANG_WARN_RANGE_LOOP_ANALYSIS = YES;
				CLANG_WARN_STRICT_PROTOTYPES = YES;
				CLANG_WARN_SUSPICIOUS_MOVE = YES;
				CLANG_WARN_UNGUARDED_AVAILABILITY = YES_AGGRESSIVE;
				CLANG_WARN_UNREACHABLE_CODE = YES;
				CLANG_WARN__DUPLICATE_METHOD_MATCH = YES;
				COPY_PHASE_STRIP = NO;
				DEBUG_INFORMATION_FORMAT = dwarf;
				ENABLE_STRICT_OBJC_MSGSEND = YES;
				ENABLE_TESTABILITY = YES;
				GCC_C_LANGUAGE_STANDARD = gnu11;
				GCC_DYNAMIC_NO_PIC = NO;
				GCC_NO_COMMON_BLOCKS = YES;
				GCC_OPTIMIZATION_LEVEL = 0;
				GCC_PREPROCESSOR_DEFINITIONS = (
					"DEBUG=1",
					"$(inherited)",
				);
				GCC_WARN_64_TO_32_BIT_CONVERSION = YES;
				GCC_WARN_ABOUT_RETURN_TYPE = YES_ERROR;
				GCC_WARN_UNDECLARED_SELECTOR = YES;
				GCC_WARN_UNINITIALIZED_AUTOS = YES_AGGRESSIVE;
				GCC_WARN_UNUSED_FUNCTION = YES;
				GCC_WARN_UNUSED_VARIABLE = YES;
				IPHONEOS_DEPLOYMENT_TARGET = 14.4;
				MTL_ENABLE_DEBUG_INFO = INCLUDE_SOURCE;
				MTL_FAST_MATH = YES;
				ONLY_ACTIVE_ARCH = YES;
				SDKROOT = iphoneos;
				SWIFT_ACTIVE_COMPILATION_CONDITIONS = DEBUG;
				SWIFT_OPTIMIZATION_LEVEL = "-Onone";
			};
			name = Debug;
		};
		AE13C5DB25D32C4200C7DCB0 /* Release */ = {
			isa = XCBuildConfiguration;
			buildSettings = {
				ALWAYS_SEARCH_USER_PATHS = NO;
				CLANG_ANALYZER_NONNULL = YES;
				CLANG_ANALYZER_NUMBER_OBJECT_CONVERSION = YES_AGGRESSIVE;
				CLANG_CXX_LANGUAGE_STANDARD = "gnu++14";
				CLANG_CXX_LIBRARY = "libc++";
				CLANG_ENABLE_MODULES = YES;
				CLANG_ENABLE_OBJC_ARC = YES;
				CLANG_ENABLE_OBJC_WEAK = YES;
				CLANG_WARN_BLOCK_CAPTURE_AUTORELEASING = YES;
				CLANG_WARN_BOOL_CONVERSION = YES;
				CLANG_WARN_COMMA = YES;
				CLANG_WARN_CONSTANT_CONVERSION = YES;
				CLANG_WARN_DEPRECATED_OBJC_IMPLEMENTATIONS = YES;
				CLANG_WARN_DIRECT_OBJC_ISA_USAGE = YES_ERROR;
				CLANG_WARN_DOCUMENTATION_COMMENTS = YES;
				CLANG_WARN_EMPTY_BODY = YES;
				CLANG_WARN_ENUM_CONVERSION = YES;
				CLANG_WARN_INFINITE_RECURSION = YES;
				CLANG_WARN_INT_CONVERSION = YES;
				CLANG_WARN_NON_LITERAL_NULL_CONVERSION = YES;
				CLANG_WARN_OBJC_IMPLICIT_RETAIN_SELF = YES;
				CLANG_WARN_OBJC_LITERAL_CONVERSION = YES;
				CLANG_WARN_OBJC_ROOT_CLASS = YES_ERROR;
				CLANG_WARN_QUOTED_INCLUDE_IN_FRAMEWORK_HEADER = YES;
				CLANG_WARN_RANGE_LOOP_ANALYSIS = YES;
				CLANG_WARN_STRICT_PROTOTYPES = YES;
				CLANG_WARN_SUSPICIOUS_MOVE = YES;
				CLANG_WARN_UNGUARDED_AVAILABILITY = YES_AGGRESSIVE;
				CLANG_WARN_UNREACHABLE_CODE = YES;
				CLANG_WARN__DUPLICATE_METHOD_MATCH = YES;
				COPY_PHASE_STRIP = NO;
				DEBUG_INFORMATION_FORMAT = "dwarf-with-dsym";
				ENABLE_NS_ASSERTIONS = NO;
				ENABLE_STRICT_OBJC_MSGSEND = YES;
				GCC_C_LANGUAGE_STANDARD = gnu11;
				GCC_NO_COMMON_BLOCKS = YES;
				GCC_WARN_64_TO_32_BIT_CONVERSION = YES;
				GCC_WARN_ABOUT_RETURN_TYPE = YES_ERROR;
				GCC_WARN_UNDECLARED_SELECTOR = YES;
				GCC_WARN_UNINITIALIZED_AUTOS = YES_AGGRESSIVE;
				GCC_WARN_UNUSED_FUNCTION = YES;
				GCC_WARN_UNUSED_VARIABLE = YES;
				IPHONEOS_DEPLOYMENT_TARGET = 14.4;
				MTL_ENABLE_DEBUG_INFO = NO;
				MTL_FAST_MATH = YES;
				SDKROOT = iphoneos;
				SWIFT_COMPILATION_MODE = wholemodule;
				SWIFT_OPTIMIZATION_LEVEL = "-O";
				VALIDATE_PRODUCT = YES;
			};
			name = Release;
		};
		AE13C5DD25D32C4200C7DCB0 /* Debug */ = {
			isa = XCBuildConfiguration;
			buildSettings = {
				ASSETCATALOG_COMPILER_APPICON_NAME = AppIcon;
				ASSETCATALOG_COMPILER_GLOBAL_ACCENT_COLOR_NAME = AccentColor;
				CODE_SIGN_STYLE = Automatic;
				DEVELOPMENT_TEAM = 8FQ4JQBZXS;
				INFOPLIST_FILE = PageMe/Info.plist;
				LD_RUNPATH_SEARCH_PATHS = (
					"$(inherited)",
					"@executable_path/Frameworks",
				);
				PRODUCT_BUNDLE_IDENTIFIER = com.yn.PageMe;
				PRODUCT_NAME = "$(TARGET_NAME)";
				SWIFT_VERSION = 5.0;
				TARGETED_DEVICE_FAMILY = "1,2";
			};
			name = Debug;
		};
		AE13C5DE25D32C4200C7DCB0 /* Release */ = {
			isa = XCBuildConfiguration;
			buildSettings = {
				ASSETCATALOG_COMPILER_APPICON_NAME = AppIcon;
				ASSETCATALOG_COMPILER_GLOBAL_ACCENT_COLOR_NAME = AccentColor;
				CODE_SIGN_STYLE = Automatic;
				DEVELOPMENT_TEAM = 8FQ4JQBZXS;
				INFOPLIST_FILE = PageMe/Info.plist;
				LD_RUNPATH_SEARCH_PATHS = (
					"$(inherited)",
					"@executable_path/Frameworks",
				);
				PRODUCT_BUNDLE_IDENTIFIER = com.yn.PageMe;
				PRODUCT_NAME = "$(TARGET_NAME)";
				SWIFT_VERSION = 5.0;
				TARGETED_DEVICE_FAMILY = "1,2";
			};
			name = Release;
		};
/* End XCBuildConfiguration section */

/* Begin XCConfigurationList section */
		AE13C5C325D32C4100C7DCB0 /* Build configuration list for PBXProject "PageMe" */ = {
			isa = XCConfigurationList;
			buildConfigurations = (
				AE13C5DA25D32C4200C7DCB0 /* Debug */,
				AE13C5DB25D32C4200C7DCB0 /* Release */,
			);
			defaultConfigurationIsVisible = 0;
			defaultConfigurationName = Release;
		};
		AE13C5DC25D32C4200C7DCB0 /* Build configuration list for PBXNativeTarget "PageMe" */ = {
			isa = XCConfigurationList;
			buildConfigurations = (
				AE13C5DD25D32C4200C7DCB0 /* Debug */,
				AE13C5DE25D32C4200C7DCB0 /* Release */,
			);
			defaultConfigurationIsVisible = 0;
			defaultConfigurationName = Release;
		};
/* End XCConfigurationList section */

/* Begin XCVersionGroup section */
		AE378C09264FE87C0014D992 /* DataModel.xcdatamodeld */ = {
			isa = XCVersionGroup;
			children = (
				AE378C0A264FE87C0014D992 /* DataModel.xcdatamodel */,
			);
			currentVersion = AE378C0A264FE87C0014D992 /* DataModel.xcdatamodel */;
			path = DataModel.xcdatamodeld;
			sourceTree = "<group>";
			versionGroupType = wrapper.xcdatamodel;
		};
/* End XCVersionGroup section */
	};
	rootObject = AE13C5C025D32C4100C7DCB0 /* Project object */;
}
